
Microsoft Visual Studio Solution File, Format Version 11.00
# Visual Studio 2010
Project("{2150E333-8FDC-42A3-9474-1A3956D46DE8}") = "Solution Items", "Solution Items", "{9318D6C3-646B-41B8-87F3-BEB31C180081}"
	ProjectSection(SolutionItems) = preProject
		ERP.vsmdi = ERP.vsmdi
		Local.testsettings = Local.testsettings
		Performance2.psess = Performance2.psess
		Performance3.psess = Performance3.psess
		TraceAndTestImpact.testsettings = TraceAndTestImpact.testsettings
	EndProjectSection
EndProject
Project("{FAE04EC0-301F-11D3-BF4B-00C04F79EFBC}") = "ERP.Wholesale.UI.Web", "ERP.Wholesale.UI.Web\ERP.Wholesale.UI.Web.csproj", "{A8E0497B-18D2-48BA-BA30-43B73C9353FD}"
EndProject
Project("{FAE04EC0-301F-11D3-BF4B-00C04F79EFBC}") = "ERP.Wholesale.Domain", "ERP.Wholesale.Domain\ERP.Wholesale.Domain.csproj", "{22FDCDA4-38AA-4263-84FD-08DF3ADBD969}"
EndProject
Project("{FAE04EC0-301F-11D3-BF4B-00C04F79EFBC}") = "ERP.Wholesale.Domain.NHibernate", "ERP.Wholesale.Domain.NHibernate\ERP.Wholesale.Domain.NHibernate.csproj", "{D3BBFCC8-531C-44CA-B14D-367AB6A0B4AC}"
EndProject
Project("{FAE04EC0-301F-11D3-BF4B-00C04F79EFBC}") = "ERP.Wholesale.UI.Web.Test", "ERP.Wholesale.UI.Web.Test\ERP.Wholesale.UI.Web.Test.csproj", "{14B93B5E-C0C3-44DB-944F-592868526B3D}"
EndProject
Project("{2150E333-8FDC-42A3-9474-1A3956D46DE8}") = "Infrastructure", "Infrastructure", "{EB17D3A7-DA25-4841-849F-614C8ADDBA8A}"
EndProject
Project("{2150E333-8FDC-42A3-9474-1A3956D46DE8}") = "Wholesale", "Wholesale", "{7998CC14-C038-48B1-BC32-59A1C701EE56}"
EndProject
Project("{FAE04EC0-301F-11D3-BF4B-00C04F79EFBC}") = "ERP.Infrastructure", "ERP.Infrastructure\ERP.Infrastructure.csproj", "{61F42119-E2F1-49C8-9FE3-5BADA24EBA5F}"
EndProject
Project("{FAE04EC0-301F-11D3-BF4B-00C04F79EFBC}") = "ERP.Infrastructure.IoC", "ERP.Infrastructure.IoC\ERP.Infrastructure.IoC.csproj", "{026EDA6D-FB5B-4E0E-A36B-93A252577997}"
EndProject
Project("{FAE04EC0-301F-11D3-BF4B-00C04F79EFBC}") = "ERP.Infrastructure.NHibernate", "ERP.Infrastructure.NHibernate\ERP.Infrastructure.NHibernate.csproj", "{FF00E2B4-05D8-4102-A340-D49BC1D1E42C}"
EndProject
Project("{2150E333-8FDC-42A3-9474-1A3956D46DE8}") = "Utils", "Utils", "{B8084F77-87FD-44FF-9930-7A0893AEAB52}"
EndProject
Project("{FAE04EC0-301F-11D3-BF4B-00C04F79EFBC}") = "ERP.Utils", "ERP.Utils\ERP.Utils.csproj", "{0BDDAC2C-1F42-421D-99CF-1C95AE94268B}"
EndProject
Project("{FAE04EC0-301F-11D3-BF4B-00C04F79EFBC}") = "ERP.Utils.Test", "ERP.Utils.Test\ERP.Utils.Test.csproj", "{9900B3F2-4ADD-4E07-9949-055C95B1FBB5}"
EndProject
Project("{FAE04EC0-301F-11D3-BF4B-00C04F79EFBC}") = "ERP.Infrastructure.NHibernate.Test", "ERP.Infrastructure.NHibernate.Test\ERP.Infrastructure.NHibernate.Test.csproj", "{CC27C644-16EA-4A9D-A823-E728188DC7EB}"
EndProject
Project("{FAE04EC0-301F-11D3-BF4B-00C04F79EFBC}") = "ERP.Utils.Mvc", "ERP.Utils.Mvc\ERP.Utils.Mvc.csproj", "{FFF5CA82-3858-4A55-A777-525F0B0460CD}"
EndProject
Project("{FAE04EC0-301F-11D3-BF4B-00C04F79EFBC}") = "ERP.Wholesale.Domain.Test", "ERP.Wholesale.Domain.Test\ERP.Wholesale.Domain.Test.csproj", "{A0DA4E30-FFD9-454C-85CF-3FF36EA31D59}"
EndProject
Project("{2150E333-8FDC-42A3-9474-1A3956D46DE8}") = "UI", "UI", "{E525D83D-CA7A-4D6A-BC78-82993D8B84F1}"
EndProject
Project("{2150E333-8FDC-42A3-9474-1A3956D46DE8}") = "BusinessLogic", "BusinessLogic", "{68FE9E07-ABD8-4338-A6C9-6974FA42329A}"
EndProject
Project("{2150E333-8FDC-42A3-9474-1A3956D46DE8}") = "Services", "Services", "{0D1B7559-4592-470E-BF9E-0D23769DDD3B}"
EndProject
Project("{2150E333-8FDC-42A3-9474-1A3956D46DE8}") = "Web", "Web", "{02D80636-7F74-4B74-8A69-2D45FD667B61}"
EndProject
Project("{2150E333-8FDC-42A3-9474-1A3956D46DE8}") = "Common", "Common", "{7165B8D1-80DB-4A1F-BAEB-95D85E8815D1}"
EndProject
Project("{FAE04EC0-301F-11D3-BF4B-00C04F79EFBC}") = "ERP.Wholesale.UI.ViewModels", "ERP.Wholesale.UI.ViewModels\ERP.Wholesale.UI.ViewModels.csproj", "{D0C1EA99-AA5E-47B5-A099-77B092472BA1}"
EndProject
Project("{2150E333-8FDC-42A3-9474-1A3956D46DE8}") = "DataAccess", "DataAccess", "{2007DF49-91D9-40F9-8AC7-682DBF8C3D3A}"
EndProject
Project("{2150E333-8FDC-42A3-9474-1A3956D46DE8}") = "UI", "UI", "{983418CC-7354-45F6-AFDB-3A90FFF4E509}"
EndProject
Project("{FAE04EC0-301F-11D3-BF4B-00C04F79EFBC}") = "ERP.UI", "ERP.UI\ERP.UI.csproj", "{30082F7A-194F-4C7E-8DD8-3F9FBBC44F6D}"
EndProject
Project("{FAE04EC0-301F-11D3-BF4B-00C04F79EFBC}") = "ERP.UI.Web", "ERP.UI.Web\ERP.UI.Web.csproj", "{C1F3EBA7-9F63-42F0-9848-FB9C8ED4FFB4}"
EndProject
Project("{FAE04EC0-301F-11D3-BF4B-00C04F79EFBC}") = "ERP.Wholesale.UI.AbstractPresenters", "ERP.Wholesale.UI.AbstractPresenters\ERP.Wholesale.UI.AbstractPresenters.csproj", "{A136C814-A005-477D-85E1-4D27C3A5D2D1}"
EndProject
Project("{FAE04EC0-301F-11D3-BF4B-00C04F79EFBC}") = "ERP.Wholesale.UI.LocalPresenters", "ERP.Wholesale.UI.LocalPresenters\ERP.Wholesale.UI.LocalPresenters.csproj", "{28815537-7C0A-4E41-B560-1B9DA06A01CE}"
EndProject
Project("{FAE04EC0-301F-11D3-BF4B-00C04F79EFBC}") = "ERP.Wholesale.ApplicationServices", "ERP.Wholesale.ApplicationServices\ERP.Wholesale.ApplicationServices.csproj", "{E5A612EA-1814-4EA1-BD7F-5D825BE6084C}"
EndProject
Project("{FAE04EC0-301F-11D3-BF4B-00C04F79EFBC}") = "ERP.Wholesale.AbstractApplicationServices", "ERP.Wholesale.AbstractApplicationServices\ERP.Wholesale.AbstractApplicationServices.csproj", "{F368CDA4-B31E-4F19-B38F-C1CE95530A67}"
EndProject
Project("{FAE04EC0-301F-11D3-BF4B-00C04F79EFBC}") = "ERP.Wholesale.ApplicationServices.Test", "ERP.Wholesale.ApplicationServices.Test\ERP.Wholesale.ApplicationServices.Test.csproj", "{7DF7667F-95FE-47C1-BE23-06841C886B62}"
EndProject
Project("{FAE04EC0-301F-11D3-BF4B-00C04F79EFBC}") = "ERP.Infrastructure.Security", "ERP.Infrastructure.Security\ERP.Infrastructure.Security.csproj", "{A4B6BD97-0064-49B9-BC1C-118D5D04AFF7}"
EndProject
Project("{2150E333-8FDC-42A3-9474-1A3956D46DE8}") = "Test", "Test", "{20A52F28-C87E-40AF-B183-D7399EEA7E48}"
EndProject
Project("{FAE04EC0-301F-11D3-BF4B-00C04F79EFBC}") = "ERP.Wholesale.UI.Test", "ERP.Wholesale.UI.Test\ERP.Wholesale.UI.Test.csproj", "{8C864135-E60F-487C-8B2B-0B848C402411}"
EndProject
Project("{2150E333-8FDC-42A3-9474-1A3956D46DE8}") = "Settings", "Settings", "{986150F3-7047-4C8D-AFDA-E78690A1E843}"
EndProject
Project("{FAE04EC0-301F-11D3-BF4B-00C04F79EFBC}") = "ERP.Wholesale.Settings", "ERP.Wholesale.Settings\ERP.Wholesale.Settings.csproj", "{3E4BD22D-B4AC-4E09-9C8C-090AA5BD9C85}"
EndProject
Project("{FAE04EC0-301F-11D3-BF4B-00C04F79EFBC}") = "ERP.Test.Infrastructure", "ERP.Test.Infrastructure\ERP.Test.Infrastructure.csproj", "{9487F06D-A521-4D6F-BA4F-5D99DA593D00}"
EndProject
Project("{2150E333-8FDC-42A3-9474-1A3956D46DE8}") = "FrontSite", "FrontSite", "{B229F28E-E50C-4AB2-BA82-3F4F31A6B233}"
EndProject
Project("{FAE04EC0-301F-11D3-BF4B-00C04F79EFBC}") = "ERP.FrontSite.UI.Web", "ERP.FrontSite.UI.Web\ERP.FrontSite.UI.Web.csproj", "{54E61A68-F1B1-440E-8B16-BC6B6F63676B}"
EndProject
Project("{2150E333-8FDC-42A3-9474-1A3956D46DE8}") = "Admin", "Admin", "{083035AD-88A5-4E67-8503-8F9177C2E147}"
EndProject
Project("{FAE04EC0-301F-11D3-BF4B-00C04F79EFBC}") = "Bizpulse.Admin.Domain", "Bizpulse.Admin.Domain\Bizpulse.Admin.Domain.csproj", "{2E6698E8-4DB3-4CBE-A935-8DB833720A53}"
EndProject
Project("{FAE04EC0-301F-11D3-BF4B-00C04F79EFBC}") = "Bizpulse.Admin.Domain.NHibernate", "Bizpulse.Admin.Domain.NHibernate\Bizpulse.Admin.Domain.NHibernate.csproj", "{38F57361-EF58-4197-857D-63D0956A67A0}"
EndProject
Project("{FAE04EC0-301F-11D3-BF4B-00C04F79EFBC}") = "Bizpulse.Admin.UI.ViewModels", "Bizpulse.Admin.UI.ViewModels\Bizpulse.Admin.UI.ViewModels.csproj", "{65B851A1-3059-48A6-9925-F33D874C9C4D}"
EndProject
Project("{FAE04EC0-301F-11D3-BF4B-00C04F79EFBC}") = "Bizpulse.Admin.UI.Web", "Bizpulse.Admin.UI.Web\Bizpulse.Admin.UI.Web.csproj", "{3F6552AE-632D-40D1-ABDE-C5157F744468}"
EndProject
Project("{FAE04EC0-301F-11D3-BF4B-00C04F79EFBC}") = "Bizpulse.Infrastructure.Mvc", "Bizpulse.Infrastructure.Mvc\Bizpulse.Infrastructure.Mvc.csproj", "{E31C84A0-EE4E-4B33-B017-C0C55C54DC96}"
EndProject
Project("{FAE04EC0-301F-11D3-BF4B-00C04F79EFBC}") = "Bizpulse.Infrastructure.FluentNHibernate", "Bizpulse.Infrastructure.FluentNHibernate\Bizpulse.Infrastructure.FluentNHibernate.csproj", "{41591E79-7DDA-4E4E-B274-445917CE78A7}"
EndProject
Global
	GlobalSection(TestCaseManagementSettings) = postSolution
		CategoryFile = ERP.vsmdi
	EndGlobalSection
	GlobalSection(SolutionConfigurationPlatforms) = preSolution
		Debug|Any CPU = Debug|Any CPU
		Debug|Mixed Platforms = Debug|Mixed Platforms
		Debug|x86 = Debug|x86
		Release|Any CPU = Release|Any CPU
		Release|Mixed Platforms = Release|Mixed Platforms
		Release|x86 = Release|x86
	EndGlobalSection
	GlobalSection(ProjectConfigurationPlatforms) = postSolution
		{A8E0497B-18D2-48BA-BA30-43B73C9353FD}.Debug|Any CPU.ActiveCfg = Debug|Any CPU
		{A8E0497B-18D2-48BA-BA30-43B73C9353FD}.Debug|Any CPU.Build.0 = Debug|Any CPU
		{A8E0497B-18D2-48BA-BA30-43B73C9353FD}.Debug|Mixed Platforms.ActiveCfg = Debug|Any CPU
		{A8E0497B-18D2-48BA-BA30-43B73C9353FD}.Debug|Mixed Platforms.Build.0 = Debug|Any CPU
		{A8E0497B-18D2-48BA-BA30-43B73C9353FD}.Debug|x86.ActiveCfg = Debug|Any CPU
		{A8E0497B-18D2-48BA-BA30-43B73C9353FD}.Release|Any CPU.ActiveCfg = Release|Any CPU
		{A8E0497B-18D2-48BA-BA30-43B73C9353FD}.Release|Any CPU.Build.0 = Release|Any CPU
		{A8E0497B-18D2-48BA-BA30-43B73C9353FD}.Release|Mixed Platforms.ActiveCfg = Release|Any CPU
		{A8E0497B-18D2-48BA-BA30-43B73C9353FD}.Release|Mixed Platforms.Build.0 = Release|Any CPU
		{A8E0497B-18D2-48BA-BA30-43B73C9353FD}.Release|x86.ActiveCfg = Release|Any CPU
		{22FDCDA4-38AA-4263-84FD-08DF3ADBD969}.Debug|Any CPU.ActiveCfg = Debug|Any CPU
		{22FDCDA4-38AA-4263-84FD-08DF3ADBD969}.Debug|Any CPU.Build.0 = Debug|Any CPU
		{22FDCDA4-38AA-4263-84FD-08DF3ADBD969}.Debug|Mixed Platforms.ActiveCfg = Debug|Any CPU
		{22FDCDA4-38AA-4263-84FD-08DF3ADBD969}.Debug|Mixed Platforms.Build.0 = Debug|Any CPU
		{22FDCDA4-38AA-4263-84FD-08DF3ADBD969}.Debug|x86.ActiveCfg = Debug|Any CPU
		{22FDCDA4-38AA-4263-84FD-08DF3ADBD969}.Release|Any CPU.ActiveCfg = Release|Any CPU
		{22FDCDA4-38AA-4263-84FD-08DF3ADBD969}.Release|Any CPU.Build.0 = Release|Any CPU
		{22FDCDA4-38AA-4263-84FD-08DF3ADBD969}.Release|Mixed Platforms.ActiveCfg = Release|Any CPU
		{22FDCDA4-38AA-4263-84FD-08DF3ADBD969}.Release|Mixed Platforms.Build.0 = Release|Any CPU
		{22FDCDA4-38AA-4263-84FD-08DF3ADBD969}.Release|x86.ActiveCfg = Release|Any CPU
		{D3BBFCC8-531C-44CA-B14D-367AB6A0B4AC}.Debug|Any CPU.ActiveCfg = Debug|Any CPU
		{D3BBFCC8-531C-44CA-B14D-367AB6A0B4AC}.Debug|Any CPU.Build.0 = Debug|Any CPU
		{D3BBFCC8-531C-44CA-B14D-367AB6A0B4AC}.Debug|Mixed Platforms.ActiveCfg = Debug|Any CPU
		{D3BBFCC8-531C-44CA-B14D-367AB6A0B4AC}.Debug|Mixed Platforms.Build.0 = Debug|Any CPU
		{D3BBFCC8-531C-44CA-B14D-367AB6A0B4AC}.Debug|x86.ActiveCfg = Debug|Any CPU
		{D3BBFCC8-531C-44CA-B14D-367AB6A0B4AC}.Release|Any CPU.ActiveCfg = Release|Any CPU
		{D3BBFCC8-531C-44CA-B14D-367AB6A0B4AC}.Release|Any CPU.Build.0 = Release|Any CPU
		{D3BBFCC8-531C-44CA-B14D-367AB6A0B4AC}.Release|Mixed Platforms.ActiveCfg = Release|Any CPU
		{D3BBFCC8-531C-44CA-B14D-367AB6A0B4AC}.Release|Mixed Platforms.Build.0 = Release|Any CPU
		{D3BBFCC8-531C-44CA-B14D-367AB6A0B4AC}.Release|x86.ActiveCfg = Release|Any CPU
		{14B93B5E-C0C3-44DB-944F-592868526B3D}.Debug|Any CPU.ActiveCfg = Debug|Any CPU
		{14B93B5E-C0C3-44DB-944F-592868526B3D}.Debug|Any CPU.Build.0 = Debug|Any CPU
		{14B93B5E-C0C3-44DB-944F-592868526B3D}.Debug|Mixed Platforms.ActiveCfg = Debug|Any CPU
		{14B93B5E-C0C3-44DB-944F-592868526B3D}.Debug|Mixed Platforms.Build.0 = Debug|Any CPU
		{14B93B5E-C0C3-44DB-944F-592868526B3D}.Debug|x86.ActiveCfg = Debug|Any CPU
		{14B93B5E-C0C3-44DB-944F-592868526B3D}.Release|Any CPU.ActiveCfg = Release|Any CPU
		{14B93B5E-C0C3-44DB-944F-592868526B3D}.Release|Any CPU.Build.0 = Release|Any CPU
		{14B93B5E-C0C3-44DB-944F-592868526B3D}.Release|Mixed Platforms.ActiveCfg = Release|Any CPU
		{14B93B5E-C0C3-44DB-944F-592868526B3D}.Release|Mixed Platforms.Build.0 = Release|Any CPU
		{14B93B5E-C0C3-44DB-944F-592868526B3D}.Release|x86.ActiveCfg = Release|Any CPU
		{61F42119-E2F1-49C8-9FE3-5BADA24EBA5F}.Debug|Any CPU.ActiveCfg = Debug|Any CPU
		{61F42119-E2F1-49C8-9FE3-5BADA24EBA5F}.Debug|Any CPU.Build.0 = Debug|Any CPU
		{61F42119-E2F1-49C8-9FE3-5BADA24EBA5F}.Debug|Mixed Platforms.ActiveCfg = Debug|Any CPU
		{61F42119-E2F1-49C8-9FE3-5BADA24EBA5F}.Debug|Mixed Platforms.Build.0 = Debug|Any CPU
		{61F42119-E2F1-49C8-9FE3-5BADA24EBA5F}.Debug|x86.ActiveCfg = Debug|Any CPU
		{61F42119-E2F1-49C8-9FE3-5BADA24EBA5F}.Release|Any CPU.ActiveCfg = Release|Any CPU
		{61F42119-E2F1-49C8-9FE3-5BADA24EBA5F}.Release|Any CPU.Build.0 = Release|Any CPU
		{61F42119-E2F1-49C8-9FE3-5BADA24EBA5F}.Release|Mixed Platforms.ActiveCfg = Release|Any CPU
		{61F42119-E2F1-49C8-9FE3-5BADA24EBA5F}.Release|Mixed Platforms.Build.0 = Release|Any CPU
		{61F42119-E2F1-49C8-9FE3-5BADA24EBA5F}.Release|x86.ActiveCfg = Release|Any CPU
		{026EDA6D-FB5B-4E0E-A36B-93A252577997}.Debug|Any CPU.ActiveCfg = Debug|Any CPU
		{026EDA6D-FB5B-4E0E-A36B-93A252577997}.Debug|Any CPU.Build.0 = Debug|Any CPU
		{026EDA6D-FB5B-4E0E-A36B-93A252577997}.Debug|Mixed Platforms.ActiveCfg = Debug|Any CPU
		{026EDA6D-FB5B-4E0E-A36B-93A252577997}.Debug|Mixed Platforms.Build.0 = Debug|Any CPU
		{026EDA6D-FB5B-4E0E-A36B-93A252577997}.Debug|x86.ActiveCfg = Debug|Any CPU
		{026EDA6D-FB5B-4E0E-A36B-93A252577997}.Release|Any CPU.ActiveCfg = Release|Any CPU
		{026EDA6D-FB5B-4E0E-A36B-93A252577997}.Release|Any CPU.Build.0 = Release|Any CPU
		{026EDA6D-FB5B-4E0E-A36B-93A252577997}.Release|Mixed Platforms.ActiveCfg = Release|Any CPU
		{026EDA6D-FB5B-4E0E-A36B-93A252577997}.Release|Mixed Platforms.Build.0 = Release|Any CPU
		{026EDA6D-FB5B-4E0E-A36B-93A252577997}.Release|x86.ActiveCfg = Release|Any CPU
		{FF00E2B4-05D8-4102-A340-D49BC1D1E42C}.Debug|Any CPU.ActiveCfg = Debug|Any CPU
		{FF00E2B4-05D8-4102-A340-D49BC1D1E42C}.Debug|Any CPU.Build.0 = Debug|Any CPU
		{FF00E2B4-05D8-4102-A340-D49BC1D1E42C}.Debug|Mixed Platforms.ActiveCfg = Debug|Any CPU
		{FF00E2B4-05D8-4102-A340-D49BC1D1E42C}.Debug|Mixed Platforms.Build.0 = Debug|Any CPU
		{FF00E2B4-05D8-4102-A340-D49BC1D1E42C}.Debug|x86.ActiveCfg = Debug|Any CPU
		{FF00E2B4-05D8-4102-A340-D49BC1D1E42C}.Release|Any CPU.ActiveCfg = Release|Any CPU
		{FF00E2B4-05D8-4102-A340-D49BC1D1E42C}.Release|Any CPU.Build.0 = Release|Any CPU
		{FF00E2B4-05D8-4102-A340-D49BC1D1E42C}.Release|Mixed Platforms.ActiveCfg = Release|Any CPU
		{FF00E2B4-05D8-4102-A340-D49BC1D1E42C}.Release|Mixed Platforms.Build.0 = Release|Any CPU
		{FF00E2B4-05D8-4102-A340-D49BC1D1E42C}.Release|x86.ActiveCfg = Release|Any CPU
		{0BDDAC2C-1F42-421D-99CF-1C95AE94268B}.Debug|Any CPU.ActiveCfg = Debug|Any CPU
		{0BDDAC2C-1F42-421D-99CF-1C95AE94268B}.Debug|Any CPU.Build.0 = Debug|Any CPU
		{0BDDAC2C-1F42-421D-99CF-1C95AE94268B}.Debug|Mixed Platforms.ActiveCfg = Debug|Any CPU
		{0BDDAC2C-1F42-421D-99CF-1C95AE94268B}.Debug|Mixed Platforms.Build.0 = Debug|Any CPU
		{0BDDAC2C-1F42-421D-99CF-1C95AE94268B}.Debug|x86.ActiveCfg = Debug|Any CPU
		{0BDDAC2C-1F42-421D-99CF-1C95AE94268B}.Release|Any CPU.ActiveCfg = Release|Any CPU
		{0BDDAC2C-1F42-421D-99CF-1C95AE94268B}.Release|Any CPU.Build.0 = Release|Any CPU
		{0BDDAC2C-1F42-421D-99CF-1C95AE94268B}.Release|Mixed Platforms.ActiveCfg = Release|Any CPU
		{0BDDAC2C-1F42-421D-99CF-1C95AE94268B}.Release|Mixed Platforms.Build.0 = Release|Any CPU
		{0BDDAC2C-1F42-421D-99CF-1C95AE94268B}.Release|x86.ActiveCfg = Release|Any CPU
		{9900B3F2-4ADD-4E07-9949-055C95B1FBB5}.Debug|Any CPU.ActiveCfg = Debug|Any CPU
		{9900B3F2-4ADD-4E07-9949-055C95B1FBB5}.Debug|Any CPU.Build.0 = Debug|Any CPU
		{9900B3F2-4ADD-4E07-9949-055C95B1FBB5}.Debug|Mixed Platforms.ActiveCfg = Debug|Any CPU
		{9900B3F2-4ADD-4E07-9949-055C95B1FBB5}.Debug|Mixed Platforms.Build.0 = Debug|Any CPU
		{9900B3F2-4ADD-4E07-9949-055C95B1FBB5}.Debug|x86.ActiveCfg = Debug|Any CPU
		{9900B3F2-4ADD-4E07-9949-055C95B1FBB5}.Release|Any CPU.ActiveCfg = Release|Any CPU
		{9900B3F2-4ADD-4E07-9949-055C95B1FBB5}.Release|Any CPU.Build.0 = Release|Any CPU
		{9900B3F2-4ADD-4E07-9949-055C95B1FBB5}.Release|Mixed Platforms.ActiveCfg = Release|Any CPU
		{9900B3F2-4ADD-4E07-9949-055C95B1FBB5}.Release|Mixed Platforms.Build.0 = Release|Any CPU
		{9900B3F2-4ADD-4E07-9949-055C95B1FBB5}.Release|x86.ActiveCfg = Release|Any CPU
		{CC27C644-16EA-4A9D-A823-E728188DC7EB}.Debug|Any CPU.ActiveCfg = Debug|Any CPU
		{CC27C644-16EA-4A9D-A823-E728188DC7EB}.Debug|Any CPU.Build.0 = Debug|Any CPU
		{CC27C644-16EA-4A9D-A823-E728188DC7EB}.Debug|Mixed Platforms.ActiveCfg = Debug|Any CPU
		{CC27C644-16EA-4A9D-A823-E728188DC7EB}.Debug|Mixed Platforms.Build.0 = Debug|Any CPU
		{CC27C644-16EA-4A9D-A823-E728188DC7EB}.Debug|x86.ActiveCfg = Debug|Any CPU
		{CC27C644-16EA-4A9D-A823-E728188DC7EB}.Release|Any CPU.ActiveCfg = Release|Any CPU
		{CC27C644-16EA-4A9D-A823-E728188DC7EB}.Release|Any CPU.Build.0 = Release|Any CPU
		{CC27C644-16EA-4A9D-A823-E728188DC7EB}.Release|Mixed Platforms.ActiveCfg = Release|Any CPU
		{CC27C644-16EA-4A9D-A823-E728188DC7EB}.Release|Mixed Platforms.Build.0 = Release|Any CPU
		{CC27C644-16EA-4A9D-A823-E728188DC7EB}.Release|x86.ActiveCfg = Release|Any CPU
		{FFF5CA82-3858-4A55-A777-525F0B0460CD}.Debug|Any CPU.ActiveCfg = Debug|Any CPU
		{FFF5CA82-3858-4A55-A777-525F0B0460CD}.Debug|Any CPU.Build.0 = Debug|Any CPU
		{FFF5CA82-3858-4A55-A777-525F0B0460CD}.Debug|Mixed Platforms.ActiveCfg = Debug|Any CPU
		{FFF5CA82-3858-4A55-A777-525F0B0460CD}.Debug|Mixed Platforms.Build.0 = Debug|Any CPU
		{FFF5CA82-3858-4A55-A777-525F0B0460CD}.Debug|x86.ActiveCfg = Debug|Any CPU
		{FFF5CA82-3858-4A55-A777-525F0B0460CD}.Release|Any CPU.ActiveCfg = Release|Any CPU
		{FFF5CA82-3858-4A55-A777-525F0B0460CD}.Release|Any CPU.Build.0 = Release|Any CPU
		{FFF5CA82-3858-4A55-A777-525F0B0460CD}.Release|Mixed Platforms.ActiveCfg = Release|Any CPU
		{FFF5CA82-3858-4A55-A777-525F0B0460CD}.Release|Mixed Platforms.Build.0 = Release|Any CPU
		{FFF5CA82-3858-4A55-A777-525F0B0460CD}.Release|x86.ActiveCfg = Release|Any CPU
		{A0DA4E30-FFD9-454C-85CF-3FF36EA31D59}.Debug|Any CPU.ActiveCfg = Debug|Any CPU
		{A0DA4E30-FFD9-454C-85CF-3FF36EA31D59}.Debug|Any CPU.Build.0 = Debug|Any CPU
		{A0DA4E30-FFD9-454C-85CF-3FF36EA31D59}.Debug|Mixed Platforms.ActiveCfg = Debug|Any CPU
		{A0DA4E30-FFD9-454C-85CF-3FF36EA31D59}.Debug|Mixed Platforms.Build.0 = Debug|Any CPU
		{A0DA4E30-FFD9-454C-85CF-3FF36EA31D59}.Debug|x86.ActiveCfg = Debug|Any CPU
		{A0DA4E30-FFD9-454C-85CF-3FF36EA31D59}.Release|Any CPU.ActiveCfg = Release|Any CPU
		{A0DA4E30-FFD9-454C-85CF-3FF36EA31D59}.Release|Any CPU.Build.0 = Release|Any CPU
		{A0DA4E30-FFD9-454C-85CF-3FF36EA31D59}.Release|Mixed Platforms.ActiveCfg = Release|Any CPU
		{A0DA4E30-FFD9-454C-85CF-3FF36EA31D59}.Release|Mixed Platforms.Build.0 = Release|Any CPU
		{A0DA4E30-FFD9-454C-85CF-3FF36EA31D59}.Release|x86.ActiveCfg = Release|Any CPU
		{D0C1EA99-AA5E-47B5-A099-77B092472BA1}.Debug|Any CPU.ActiveCfg = Debug|Any CPU
		{D0C1EA99-AA5E-47B5-A099-77B092472BA1}.Debug|Any CPU.Build.0 = Debug|Any CPU
		{D0C1EA99-AA5E-47B5-A099-77B092472BA1}.Debug|Mixed Platforms.ActiveCfg = Debug|Any CPU
		{D0C1EA99-AA5E-47B5-A099-77B092472BA1}.Debug|Mixed Platforms.Build.0 = Debug|Any CPU
		{D0C1EA99-AA5E-47B5-A099-77B092472BA1}.Debug|x86.ActiveCfg = Debug|Any CPU
		{D0C1EA99-AA5E-47B5-A099-77B092472BA1}.Release|Any CPU.ActiveCfg = Release|Any CPU
		{D0C1EA99-AA5E-47B5-A099-77B092472BA1}.Release|Any CPU.Build.0 = Release|Any CPU
		{D0C1EA99-AA5E-47B5-A099-77B092472BA1}.Release|Mixed Platforms.ActiveCfg = Release|Any CPU
		{D0C1EA99-AA5E-47B5-A099-77B092472BA1}.Release|Mixed Platforms.Build.0 = Release|Any CPU
		{D0C1EA99-AA5E-47B5-A099-77B092472BA1}.Release|x86.ActiveCfg = Release|Any CPU
		{30082F7A-194F-4C7E-8DD8-3F9FBBC44F6D}.Debug|Any CPU.ActiveCfg = Debug|Any CPU
		{30082F7A-194F-4C7E-8DD8-3F9FBBC44F6D}.Debug|Any CPU.Build.0 = Debug|Any CPU
		{30082F7A-194F-4C7E-8DD8-3F9FBBC44F6D}.Debug|Mixed Platforms.ActiveCfg = Debug|Any CPU
		{30082F7A-194F-4C7E-8DD8-3F9FBBC44F6D}.Debug|Mixed Platforms.Build.0 = Debug|Any CPU
		{30082F7A-194F-4C7E-8DD8-3F9FBBC44F6D}.Debug|x86.ActiveCfg = Debug|Any CPU
		{30082F7A-194F-4C7E-8DD8-3F9FBBC44F6D}.Release|Any CPU.ActiveCfg = Release|Any CPU
		{30082F7A-194F-4C7E-8DD8-3F9FBBC44F6D}.Release|Any CPU.Build.0 = Release|Any CPU
		{30082F7A-194F-4C7E-8DD8-3F9FBBC44F6D}.Release|Mixed Platforms.ActiveCfg = Release|Any CPU
		{30082F7A-194F-4C7E-8DD8-3F9FBBC44F6D}.Release|Mixed Platforms.Build.0 = Release|Any CPU
		{30082F7A-194F-4C7E-8DD8-3F9FBBC44F6D}.Release|x86.ActiveCfg = Release|Any CPU
		{C1F3EBA7-9F63-42F0-9848-FB9C8ED4FFB4}.Debug|Any CPU.ActiveCfg = Debug|Any CPU
		{C1F3EBA7-9F63-42F0-9848-FB9C8ED4FFB4}.Debug|Any CPU.Build.0 = Debug|Any CPU
		{C1F3EBA7-9F63-42F0-9848-FB9C8ED4FFB4}.Debug|Mixed Platforms.ActiveCfg = Debug|Any CPU
		{C1F3EBA7-9F63-42F0-9848-FB9C8ED4FFB4}.Debug|Mixed Platforms.Build.0 = Debug|Any CPU
		{C1F3EBA7-9F63-42F0-9848-FB9C8ED4FFB4}.Debug|x86.ActiveCfg = Debug|Any CPU
		{C1F3EBA7-9F63-42F0-9848-FB9C8ED4FFB4}.Release|Any CPU.ActiveCfg = Release|Any CPU
		{C1F3EBA7-9F63-42F0-9848-FB9C8ED4FFB4}.Release|Any CPU.Build.0 = Release|Any CPU
		{C1F3EBA7-9F63-42F0-9848-FB9C8ED4FFB4}.Release|Mixed Platforms.ActiveCfg = Release|Any CPU
		{C1F3EBA7-9F63-42F0-9848-FB9C8ED4FFB4}.Release|Mixed Platforms.Build.0 = Release|Any CPU
		{C1F3EBA7-9F63-42F0-9848-FB9C8ED4FFB4}.Release|x86.ActiveCfg = Release|Any CPU
		{A136C814-A005-477D-85E1-4D27C3A5D2D1}.Debug|Any CPU.ActiveCfg = Debug|Any CPU
		{A136C814-A005-477D-85E1-4D27C3A5D2D1}.Debug|Any CPU.Build.0 = Debug|Any CPU
		{A136C814-A005-477D-85E1-4D27C3A5D2D1}.Debug|Mixed Platforms.ActiveCfg = Debug|Any CPU
		{A136C814-A005-477D-85E1-4D27C3A5D2D1}.Debug|Mixed Platforms.Build.0 = Debug|Any CPU
		{A136C814-A005-477D-85E1-4D27C3A5D2D1}.Debug|x86.ActiveCfg = Debug|Any CPU
		{A136C814-A005-477D-85E1-4D27C3A5D2D1}.Release|Any CPU.ActiveCfg = Release|Any CPU
		{A136C814-A005-477D-85E1-4D27C3A5D2D1}.Release|Any CPU.Build.0 = Release|Any CPU
		{A136C814-A005-477D-85E1-4D27C3A5D2D1}.Release|Mixed Platforms.ActiveCfg = Release|Any CPU
		{A136C814-A005-477D-85E1-4D27C3A5D2D1}.Release|Mixed Platforms.Build.0 = Release|Any CPU
		{A136C814-A005-477D-85E1-4D27C3A5D2D1}.Release|x86.ActiveCfg = Release|Any CPU
		{28815537-7C0A-4E41-B560-1B9DA06A01CE}.Debug|Any CPU.ActiveCfg = Debug|Any CPU
		{28815537-7C0A-4E41-B560-1B9DA06A01CE}.Debug|Any CPU.Build.0 = Debug|Any CPU
		{28815537-7C0A-4E41-B560-1B9DA06A01CE}.Debug|Mixed Platforms.ActiveCfg = Debug|Any CPU
		{28815537-7C0A-4E41-B560-1B9DA06A01CE}.Debug|Mixed Platforms.Build.0 = Debug|Any CPU
		{28815537-7C0A-4E41-B560-1B9DA06A01CE}.Debug|x86.ActiveCfg = Debug|Any CPU
		{28815537-7C0A-4E41-B560-1B9DA06A01CE}.Release|Any CPU.ActiveCfg = Release|Any CPU
		{28815537-7C0A-4E41-B560-1B9DA06A01CE}.Release|Any CPU.Build.0 = Release|Any CPU
		{28815537-7C0A-4E41-B560-1B9DA06A01CE}.Release|Mixed Platforms.ActiveCfg = Release|Any CPU
		{28815537-7C0A-4E41-B560-1B9DA06A01CE}.Release|Mixed Platforms.Build.0 = Release|Any CPU
		{28815537-7C0A-4E41-B560-1B9DA06A01CE}.Release|x86.ActiveCfg = Release|Any CPU
		{E5A612EA-1814-4EA1-BD7F-5D825BE6084C}.Debug|Any CPU.ActiveCfg = Debug|Any CPU
		{E5A612EA-1814-4EA1-BD7F-5D825BE6084C}.Debug|Any CPU.Build.0 = Debug|Any CPU
		{E5A612EA-1814-4EA1-BD7F-5D825BE6084C}.Debug|Mixed Platforms.ActiveCfg = Debug|Any CPU
		{E5A612EA-1814-4EA1-BD7F-5D825BE6084C}.Debug|Mixed Platforms.Build.0 = Debug|Any CPU
		{E5A612EA-1814-4EA1-BD7F-5D825BE6084C}.Debug|x86.ActiveCfg = Debug|Any CPU
		{E5A612EA-1814-4EA1-BD7F-5D825BE6084C}.Release|Any CPU.ActiveCfg = Release|Any CPU
		{E5A612EA-1814-4EA1-BD7F-5D825BE6084C}.Release|Any CPU.Build.0 = Release|Any CPU
		{E5A612EA-1814-4EA1-BD7F-5D825BE6084C}.Release|Mixed Platforms.ActiveCfg = Release|Any CPU
		{E5A612EA-1814-4EA1-BD7F-5D825BE6084C}.Release|Mixed Platforms.Build.0 = Release|Any CPU
		{E5A612EA-1814-4EA1-BD7F-5D825BE6084C}.Release|x86.ActiveCfg = Release|Any CPU
		{F368CDA4-B31E-4F19-B38F-C1CE95530A67}.Debug|Any CPU.ActiveCfg = Debug|Any CPU
		{F368CDA4-B31E-4F19-B38F-C1CE95530A67}.Debug|Any CPU.Build.0 = Debug|Any CPU
		{F368CDA4-B31E-4F19-B38F-C1CE95530A67}.Debug|Mixed Platforms.ActiveCfg = Debug|Any CPU
		{F368CDA4-B31E-4F19-B38F-C1CE95530A67}.Debug|Mixed Platforms.Build.0 = Debug|Any CPU
		{F368CDA4-B31E-4F19-B38F-C1CE95530A67}.Debug|x86.ActiveCfg = Debug|Any CPU
		{F368CDA4-B31E-4F19-B38F-C1CE95530A67}.Release|Any CPU.ActiveCfg = Release|Any CPU
		{F368CDA4-B31E-4F19-B38F-C1CE95530A67}.Release|Any CPU.Build.0 = Release|Any CPU
		{F368CDA4-B31E-4F19-B38F-C1CE95530A67}.Release|Mixed Platforms.ActiveCfg = Release|Any CPU
		{F368CDA4-B31E-4F19-B38F-C1CE95530A67}.Release|Mixed Platforms.Build.0 = Release|Any CPU
		{F368CDA4-B31E-4F19-B38F-C1CE95530A67}.Release|x86.ActiveCfg = Release|Any CPU
		{7DF7667F-95FE-47C1-BE23-06841C886B62}.Debug|Any CPU.ActiveCfg = Debug|Any CPU
		{7DF7667F-95FE-47C1-BE23-06841C886B62}.Debug|Any CPU.Build.0 = Debug|Any CPU
		{7DF7667F-95FE-47C1-BE23-06841C886B62}.Debug|Mixed Platforms.ActiveCfg = Debug|Any CPU
		{7DF7667F-95FE-47C1-BE23-06841C886B62}.Debug|Mixed Platforms.Build.0 = Debug|Any CPU
		{7DF7667F-95FE-47C1-BE23-06841C886B62}.Debug|x86.ActiveCfg = Debug|Any CPU
		{7DF7667F-95FE-47C1-BE23-06841C886B62}.Release|Any CPU.ActiveCfg = Release|Any CPU
		{7DF7667F-95FE-47C1-BE23-06841C886B62}.Release|Any CPU.Build.0 = Release|Any CPU
		{7DF7667F-95FE-47C1-BE23-06841C886B62}.Release|Mixed Platforms.ActiveCfg = Release|Any CPU
		{7DF7667F-95FE-47C1-BE23-06841C886B62}.Release|Mixed Platforms.Build.0 = Release|Any CPU
		{7DF7667F-95FE-47C1-BE23-06841C886B62}.Release|x86.ActiveCfg = Release|Any CPU
		{A4B6BD97-0064-49B9-BC1C-118D5D04AFF7}.Debug|Any CPU.ActiveCfg = Debug|Any CPU
		{A4B6BD97-0064-49B9-BC1C-118D5D04AFF7}.Debug|Any CPU.Build.0 = Debug|Any CPU
		{A4B6BD97-0064-49B9-BC1C-118D5D04AFF7}.Debug|Mixed Platforms.ActiveCfg = Debug|Any CPU
		{A4B6BD97-0064-49B9-BC1C-118D5D04AFF7}.Debug|Mixed Platforms.Build.0 = Debug|Any CPU
		{A4B6BD97-0064-49B9-BC1C-118D5D04AFF7}.Debug|x86.ActiveCfg = Debug|Any CPU
		{A4B6BD97-0064-49B9-BC1C-118D5D04AFF7}.Release|Any CPU.ActiveCfg = Release|Any CPU
		{A4B6BD97-0064-49B9-BC1C-118D5D04AFF7}.Release|Any CPU.Build.0 = Release|Any CPU
		{A4B6BD97-0064-49B9-BC1C-118D5D04AFF7}.Release|Mixed Platforms.ActiveCfg = Release|Any CPU
		{A4B6BD97-0064-49B9-BC1C-118D5D04AFF7}.Release|Mixed Platforms.Build.0 = Release|Any CPU
		{A4B6BD97-0064-49B9-BC1C-118D5D04AFF7}.Release|x86.ActiveCfg = Release|Any CPU
		{8C864135-E60F-487C-8B2B-0B848C402411}.Debug|Any CPU.ActiveCfg = Debug|Any CPU
		{8C864135-E60F-487C-8B2B-0B848C402411}.Debug|Any CPU.Build.0 = Debug|Any CPU
		{8C864135-E60F-487C-8B2B-0B848C402411}.Debug|Mixed Platforms.ActiveCfg = Debug|Any CPU
		{8C864135-E60F-487C-8B2B-0B848C402411}.Debug|Mixed Platforms.Build.0 = Debug|Any CPU
		{8C864135-E60F-487C-8B2B-0B848C402411}.Debug|x86.ActiveCfg = Debug|Any CPU
		{8C864135-E60F-487C-8B2B-0B848C402411}.Release|Any CPU.ActiveCfg = Release|Any CPU
		{8C864135-E60F-487C-8B2B-0B848C402411}.Release|Any CPU.Build.0 = Release|Any CPU
		{8C864135-E60F-487C-8B2B-0B848C402411}.Release|Mixed Platforms.ActiveCfg = Release|Any CPU
		{8C864135-E60F-487C-8B2B-0B848C402411}.Release|Mixed Platforms.Build.0 = Release|Any CPU
		{8C864135-E60F-487C-8B2B-0B848C402411}.Release|x86.ActiveCfg = Release|Any CPU
		{3E4BD22D-B4AC-4E09-9C8C-090AA5BD9C85}.Debug|Any CPU.ActiveCfg = Debug|Any CPU
		{3E4BD22D-B4AC-4E09-9C8C-090AA5BD9C85}.Debug|Any CPU.Build.0 = Debug|Any CPU
		{3E4BD22D-B4AC-4E09-9C8C-090AA5BD9C85}.Debug|Mixed Platforms.ActiveCfg = Debug|Any CPU
		{3E4BD22D-B4AC-4E09-9C8C-090AA5BD9C85}.Debug|Mixed Platforms.Build.0 = Debug|Any CPU
		{3E4BD22D-B4AC-4E09-9C8C-090AA5BD9C85}.Debug|x86.ActiveCfg = Debug|Any CPU
		{3E4BD22D-B4AC-4E09-9C8C-090AA5BD9C85}.Release|Any CPU.ActiveCfg = Release|Any CPU
		{3E4BD22D-B4AC-4E09-9C8C-090AA5BD9C85}.Release|Any CPU.Build.0 = Release|Any CPU
		{3E4BD22D-B4AC-4E09-9C8C-090AA5BD9C85}.Release|Mixed Platforms.ActiveCfg = Release|Any CPU
		{3E4BD22D-B4AC-4E09-9C8C-090AA5BD9C85}.Release|Mixed Platforms.Build.0 = Release|Any CPU
		{3E4BD22D-B4AC-4E09-9C8C-090AA5BD9C85}.Release|x86.ActiveCfg = Release|Any CPU
		{9487F06D-A521-4D6F-BA4F-5D99DA593D00}.Debug|Any CPU.ActiveCfg = Debug|Any CPU
		{9487F06D-A521-4D6F-BA4F-5D99DA593D00}.Debug|Any CPU.Build.0 = Debug|Any CPU
		{9487F06D-A521-4D6F-BA4F-5D99DA593D00}.Debug|Mixed Platforms.ActiveCfg = Debug|Any CPU
		{9487F06D-A521-4D6F-BA4F-5D99DA593D00}.Debug|Mixed Platforms.Build.0 = Debug|Any CPU
		{9487F06D-A521-4D6F-BA4F-5D99DA593D00}.Debug|x86.ActiveCfg = Debug|Any CPU
		{9487F06D-A521-4D6F-BA4F-5D99DA593D00}.Release|Any CPU.ActiveCfg = Release|Any CPU
		{9487F06D-A521-4D6F-BA4F-5D99DA593D00}.Release|Any CPU.Build.0 = Release|Any CPU
		{9487F06D-A521-4D6F-BA4F-5D99DA593D00}.Release|Mixed Platforms.ActiveCfg = Release|Any CPU
		{9487F06D-A521-4D6F-BA4F-5D99DA593D00}.Release|Mixed Platforms.Build.0 = Release|Any CPU
		{9487F06D-A521-4D6F-BA4F-5D99DA593D00}.Release|x86.ActiveCfg = Release|Any CPU
		{54E61A68-F1B1-440E-8B16-BC6B6F63676B}.Debug|Any CPU.ActiveCfg = Debug|Any CPU
		{54E61A68-F1B1-440E-8B16-BC6B6F63676B}.Debug|Any CPU.Build.0 = Debug|Any CPU
		{54E61A68-F1B1-440E-8B16-BC6B6F63676B}.Debug|Mixed Platforms.ActiveCfg = Debug|Any CPU
		{54E61A68-F1B1-440E-8B16-BC6B6F63676B}.Debug|Mixed Platforms.Build.0 = Debug|Any CPU
		{54E61A68-F1B1-440E-8B16-BC6B6F63676B}.Debug|x86.ActiveCfg = Debug|Any CPU
		{54E61A68-F1B1-440E-8B16-BC6B6F63676B}.Release|Any CPU.ActiveCfg = Release|Any CPU
		{54E61A68-F1B1-440E-8B16-BC6B6F63676B}.Release|Any CPU.Build.0 = Release|Any CPU
		{54E61A68-F1B1-440E-8B16-BC6B6F63676B}.Release|Mixed Platforms.ActiveCfg = Release|Any CPU
		{54E61A68-F1B1-440E-8B16-BC6B6F63676B}.Release|Mixed Platforms.Build.0 = Release|Any CPU
		{54E61A68-F1B1-440E-8B16-BC6B6F63676B}.Release|x86.ActiveCfg = Release|Any CPU
		{2E6698E8-4DB3-4CBE-A935-8DB833720A53}.Debug|Any CPU.ActiveCfg = Debug|Any CPU
		{2E6698E8-4DB3-4CBE-A935-8DB833720A53}.Debug|Any CPU.Build.0 = Debug|Any CPU
		{2E6698E8-4DB3-4CBE-A935-8DB833720A53}.Debug|Mixed Platforms.ActiveCfg = Debug|Any CPU
		{2E6698E8-4DB3-4CBE-A935-8DB833720A53}.Debug|Mixed Platforms.Build.0 = Debug|Any CPU
		{2E6698E8-4DB3-4CBE-A935-8DB833720A53}.Debug|x86.ActiveCfg = Debug|Any CPU
		{2E6698E8-4DB3-4CBE-A935-8DB833720A53}.Release|Any CPU.ActiveCfg = Release|Any CPU
		{2E6698E8-4DB3-4CBE-A935-8DB833720A53}.Release|Any CPU.Build.0 = Release|Any CPU
		{2E6698E8-4DB3-4CBE-A935-8DB833720A53}.Release|Mixed Platforms.ActiveCfg = Release|Any CPU
		{2E6698E8-4DB3-4CBE-A935-8DB833720A53}.Release|Mixed Platforms.Build.0 = Release|Any CPU
		{2E6698E8-4DB3-4CBE-A935-8DB833720A53}.Release|x86.ActiveCfg = Release|Any CPU
		{38F57361-EF58-4197-857D-63D0956A67A0}.Debug|Any CPU.ActiveCfg = Debug|Any CPU
		{38F57361-EF58-4197-857D-63D0956A67A0}.Debug|Any CPU.Build.0 = Debug|Any CPU
		{38F57361-EF58-4197-857D-63D0956A67A0}.Debug|Mixed Platforms.ActiveCfg = Debug|Any CPU
		{38F57361-EF58-4197-857D-63D0956A67A0}.Debug|Mixed Platforms.Build.0 = Debug|Any CPU
		{38F57361-EF58-4197-857D-63D0956A67A0}.Debug|x86.ActiveCfg = Debug|Any CPU
		{38F57361-EF58-4197-857D-63D0956A67A0}.Release|Any CPU.ActiveCfg = Release|Any CPU
		{38F57361-EF58-4197-857D-63D0956A67A0}.Release|Any CPU.Build.0 = Release|Any CPU
		{38F57361-EF58-4197-857D-63D0956A67A0}.Release|Mixed Platforms.ActiveCfg = Release|Any CPU
		{38F57361-EF58-4197-857D-63D0956A67A0}.Release|Mixed Platforms.Build.0 = Release|Any CPU
		{38F57361-EF58-4197-857D-63D0956A67A0}.Release|x86.ActiveCfg = Release|Any CPU
		{65B851A1-3059-48A6-9925-F33D874C9C4D}.Debug|Any CPU.ActiveCfg = Debug|Any CPU
		{65B851A1-3059-48A6-9925-F33D874C9C4D}.Debug|Any CPU.Build.0 = Debug|Any CPU
		{65B851A1-3059-48A6-9925-F33D874C9C4D}.Debug|Mixed Platforms.ActiveCfg = Debug|Any CPU
		{65B851A1-3059-48A6-9925-F33D874C9C4D}.Debug|Mixed Platforms.Build.0 = Debug|Any CPU
		{65B851A1-3059-48A6-9925-F33D874C9C4D}.Debug|x86.ActiveCfg = Debug|Any CPU
		{65B851A1-3059-48A6-9925-F33D874C9C4D}.Release|Any CPU.ActiveCfg = Release|Any CPU
		{65B851A1-3059-48A6-9925-F33D874C9C4D}.Release|Any CPU.Build.0 = Release|Any CPU
		{65B851A1-3059-48A6-9925-F33D874C9C4D}.Release|Mixed Platforms.ActiveCfg = Release|Any CPU
		{65B851A1-3059-48A6-9925-F33D874C9C4D}.Release|Mixed Platforms.Build.0 = Release|Any CPU
		{65B851A1-3059-48A6-9925-F33D874C9C4D}.Release|x86.ActiveCfg = Release|Any CPU
		{3F6552AE-632D-40D1-ABDE-C5157F744468}.Debug|Any CPU.ActiveCfg = Debug|Any CPU
		{3F6552AE-632D-40D1-ABDE-C5157F744468}.Debug|Any CPU.Build.0 = Debug|Any CPU
		{3F6552AE-632D-40D1-ABDE-C5157F744468}.Debug|Mixed Platforms.ActiveCfg = Debug|Any CPU
		{3F6552AE-632D-40D1-ABDE-C5157F744468}.Debug|Mixed Platforms.Build.0 = Debug|Any CPU
		{3F6552AE-632D-40D1-ABDE-C5157F744468}.Debug|x86.ActiveCfg = Debug|Any CPU
		{3F6552AE-632D-40D1-ABDE-C5157F744468}.Release|Any CPU.ActiveCfg = Release|Any CPU
		{3F6552AE-632D-40D1-ABDE-C5157F744468}.Release|Any CPU.Build.0 = Release|Any CPU
		{3F6552AE-632D-40D1-ABDE-C5157F744468}.Release|Mixed Platforms.ActiveCfg = Release|Any CPU
		{3F6552AE-632D-40D1-ABDE-C5157F744468}.Release|Mixed Platforms.Build.0 = Release|Any CPU
		{3F6552AE-632D-40D1-ABDE-C5157F744468}.Release|x86.ActiveCfg = Release|Any CPU
		{E31C84A0-EE4E-4B33-B017-C0C55C54DC96}.Debug|Any CPU.ActiveCfg = Debug|Any CPU
		{E31C84A0-EE4E-4B33-B017-C0C55C54DC96}.Debug|Any CPU.Build.0 = Debug|Any CPU
		{E31C84A0-EE4E-4B33-B017-C0C55C54DC96}.Debug|Mixed Platforms.ActiveCfg = Debug|Any CPU
		{E31C84A0-EE4E-4B33-B017-C0C55C54DC96}.Debug|Mixed Platforms.Build.0 = Debug|Any CPU
		{E31C84A0-EE4E-4B33-B017-C0C55C54DC96}.Debug|x86.ActiveCfg = Debug|Any CPU
		{E31C84A0-EE4E-4B33-B017-C0C55C54DC96}.Release|Any CPU.ActiveCfg = Release|Any CPU
		{E31C84A0-EE4E-4B33-B017-C0C55C54DC96}.Release|Any CPU.Build.0 = Release|Any CPU
		{E31C84A0-EE4E-4B33-B017-C0C55C54DC96}.Release|Mixed Platforms.ActiveCfg = Release|Any CPU
		{E31C84A0-EE4E-4B33-B017-C0C55C54DC96}.Release|Mixed Platforms.Build.0 = Release|Any CPU
		{E31C84A0-EE4E-4B33-B017-C0C55C54DC96}.Release|x86.ActiveCfg = Release|Any CPU
		{41591E79-7DDA-4E4E-B274-445917CE78A7}.Debug|Any CPU.ActiveCfg = Debug|Any CPU
		{41591E79-7DDA-4E4E-B274-445917CE78A7}.Debug|Any CPU.Build.0 = Debug|Any CPU
		{41591E79-7DDA-4E4E-B274-445917CE78A7}.Debug|Mixed Platforms.ActiveCfg = Debug|Any CPU
		{41591E79-7DDA-4E4E-B274-445917CE78A7}.Debug|Mixed Platforms.Build.0 = Debug|Any CPU
		{41591E79-7DDA-4E4E-B274-445917CE78A7}.Debug|x86.ActiveCfg = Debug|Any CPU
		{41591E79-7DDA-4E4E-B274-445917CE78A7}.Release|Any CPU.ActiveCfg = Release|Any CPU
		{41591E79-7DDA-4E4E-B274-445917CE78A7}.Release|Any CPU.Build.0 = Release|Any CPU
		{41591E79-7DDA-4E4E-B274-445917CE78A7}.Release|Mixed Platforms.ActiveCfg = Release|Any CPU
		{41591E79-7DDA-4E4E-B274-445917CE78A7}.Release|Mixed Platforms.Build.0 = Release|Any CPU
		{41591E79-7DDA-4E4E-B274-445917CE78A7}.Release|x86.ActiveCfg = Release|Any CPU
	EndGlobalSection
	GlobalSection(SolutionProperties) = preSolution
		HideSolutionNode = FALSE
	EndGlobalSection
	GlobalSection(NestedProjects) = preSolution
		{68FE9E07-ABD8-4338-A6C9-6974FA42329A} = {7998CC14-C038-48B1-BC32-59A1C701EE56}
		{2007DF49-91D9-40F9-8AC7-682DBF8C3D3A} = {7998CC14-C038-48B1-BC32-59A1C701EE56}
		{E525D83D-CA7A-4D6A-BC78-82993D8B84F1} = {7998CC14-C038-48B1-BC32-59A1C701EE56}
		{0D1B7559-4592-470E-BF9E-0D23769DDD3B} = {7998CC14-C038-48B1-BC32-59A1C701EE56}
		{986150F3-7047-4C8D-AFDA-E78690A1E843} = {7998CC14-C038-48B1-BC32-59A1C701EE56}
		{22FDCDA4-38AA-4263-84FD-08DF3ADBD969} = {68FE9E07-ABD8-4338-A6C9-6974FA42329A}
		{E5A612EA-1814-4EA1-BD7F-5D825BE6084C} = {68FE9E07-ABD8-4338-A6C9-6974FA42329A}
		{F368CDA4-B31E-4F19-B38F-C1CE95530A67} = {68FE9E07-ABD8-4338-A6C9-6974FA42329A}
		{D3BBFCC8-531C-44CA-B14D-367AB6A0B4AC} = {2007DF49-91D9-40F9-8AC7-682DBF8C3D3A}
		{9900B3F2-4ADD-4E07-9949-055C95B1FBB5} = {20A52F28-C87E-40AF-B183-D7399EEA7E48}
		{CC27C644-16EA-4A9D-A823-E728188DC7EB} = {20A52F28-C87E-40AF-B183-D7399EEA7E48}
		{A0DA4E30-FFD9-454C-85CF-3FF36EA31D59} = {20A52F28-C87E-40AF-B183-D7399EEA7E48}
		{7DF7667F-95FE-47C1-BE23-06841C886B62} = {20A52F28-C87E-40AF-B183-D7399EEA7E48}
		{14B93B5E-C0C3-44DB-944F-592868526B3D} = {20A52F28-C87E-40AF-B183-D7399EEA7E48}
		{8C864135-E60F-487C-8B2B-0B848C402411} = {20A52F28-C87E-40AF-B183-D7399EEA7E48}
		{9487F06D-A521-4D6F-BA4F-5D99DA593D00} = {20A52F28-C87E-40AF-B183-D7399EEA7E48}
		{61F42119-E2F1-49C8-9FE3-5BADA24EBA5F} = {EB17D3A7-DA25-4841-849F-614C8ADDBA8A}
		{026EDA6D-FB5B-4E0E-A36B-93A252577997} = {EB17D3A7-DA25-4841-849F-614C8ADDBA8A}
		{FF00E2B4-05D8-4102-A340-D49BC1D1E42C} = {EB17D3A7-DA25-4841-849F-614C8ADDBA8A}
		{A4B6BD97-0064-49B9-BC1C-118D5D04AFF7} = {EB17D3A7-DA25-4841-849F-614C8ADDBA8A}
		{E31C84A0-EE4E-4B33-B017-C0C55C54DC96} = {EB17D3A7-DA25-4841-849F-614C8ADDBA8A}
		{41591E79-7DDA-4E4E-B274-445917CE78A7} = {EB17D3A7-DA25-4841-849F-614C8ADDBA8A}
		{02D80636-7F74-4B74-8A69-2D45FD667B61} = {E525D83D-CA7A-4D6A-BC78-82993D8B84F1}
		{7165B8D1-80DB-4A1F-BAEB-95D85E8815D1} = {E525D83D-CA7A-4D6A-BC78-82993D8B84F1}
		{0BDDAC2C-1F42-421D-99CF-1C95AE94268B} = {B8084F77-87FD-44FF-9930-7A0893AEAB52}
		{FFF5CA82-3858-4A55-A777-525F0B0460CD} = {B8084F77-87FD-44FF-9930-7A0893AEAB52}
		{A8E0497B-18D2-48BA-BA30-43B73C9353FD} = {02D80636-7F74-4B74-8A69-2D45FD667B61}
		{D0C1EA99-AA5E-47B5-A099-77B092472BA1} = {7165B8D1-80DB-4A1F-BAEB-95D85E8815D1}
		{A136C814-A005-477D-85E1-4D27C3A5D2D1} = {7165B8D1-80DB-4A1F-BAEB-95D85E8815D1}
		{28815537-7C0A-4E41-B560-1B9DA06A01CE} = {7165B8D1-80DB-4A1F-BAEB-95D85E8815D1}
		{30082F7A-194F-4C7E-8DD8-3F9FBBC44F6D} = {983418CC-7354-45F6-AFDB-3A90FFF4E509}
		{C1F3EBA7-9F63-42F0-9848-FB9C8ED4FFB4} = {983418CC-7354-45F6-AFDB-3A90FFF4E509}
		{3E4BD22D-B4AC-4E09-9C8C-090AA5BD9C85} = {986150F3-7047-4C8D-AFDA-E78690A1E843}
		{54E61A68-F1B1-440E-8B16-BC6B6F63676B} = {B229F28E-E50C-4AB2-BA82-3F4F31A6B233}
		{2E6698E8-4DB3-4CBE-A935-8DB833720A53} = {083035AD-88A5-4E67-8503-8F9177C2E147}
		{38F57361-EF58-4197-857D-63D0956A67A0} = {083035AD-88A5-4E67-8503-8F9177C2E147}
		{65B851A1-3059-48A6-9925-F33D874C9C4D} = {083035AD-88A5-4E67-8503-8F9177C2E147}
		{3F6552AE-632D-40D1-ABDE-C5157F744468} = {083035AD-88A5-4E67-8503-8F9177C2E147}
	EndGlobalSection
EndGlobal
